PODS:
  - WZEmptyView (1.1.8):
    - WZEmptyView/Source (= 1.1.8)
  - WZEmptyView/Source (1.1.8)

DEPENDENCIES:
  - WZEmptyView (from `../`)

EXTERNAL SOURCES:
  WZEmptyView:
    :path: "../"

SPEC CHECKSUMS:
  WZEmptyView: 7f913c75ff040f136fb9a9413009bc43c6dbbc9f

PODFILE CHECKSUM: 80c0afac80d5ffabce6a4c4ce0ab03c976e585ce

COCOAPODS: 1.9.1
